// !$*UTF8*$!
{
	archiveVersion = 1;
	classes = {
	};
	objectVersion = 48;
	objects = {

/* Begin PBXBuildFile section */
		53013126C8CE3001E477B8B1 /* Pods_ZHFJDAddressOC.framework in Frameworks */ = {isa = PBXBuildFile; fileRef = 4682942D63AE8FEBED7D034E /* Pods_ZHFJDAddressOC.framework */; };
		E3219DAF20B2C76200CB7A60 /* location.txt in Resources */ = {isa = PBXBuildFile; fileRef = E3219DAE20B2C76200CB7A60 /* location.txt */; };
		E3219DB220B2C77200CB7A60 /* TownModel.m in Sources */ = {isa = PBXBuildFile; fileRef = E3219DB120B2C77200CB7A60 /* TownModel.m */; };
		E36F60261FE752F80076E566 /* AppDelegate.m in Sources */ = {isa = PBXBuildFile; fileRef = E36F60251FE752F80076E566 /* AppDelegate.m */; };
		E36F60291FE752F80076E566 /* ViewController.m in Sources */ = {isa = PBXBuildFile; fileRef = E36F60281FE752F80076E566 /* ViewController.m */; };
		E36F602C1FE752F80076E566 /* Main.storyboard in Resources */ = {isa = PBXBuildFile; fileRef = E36F602A1FE752F80076E566 /* Main.storyboard */; };
		E36F602E1FE752F80076E566 /* Assets.xcassets in Resources */ = {isa = PBXBuildFile; fileRef = E36F602D1FE752F80076E566 /* Assets.xcassets */; };
		E36F60311FE752F80076E566 /* LaunchScreen.storyboard in Resources */ = {isa = PBXBuildFile; fileRef = E36F602F1FE752F80076E566 /* LaunchScreen.storyboard */; };
		E36F60341FE752F80076E566 /* main.m in Sources */ = {isa = PBXBuildFile; fileRef = E36F60331FE752F80076E566 /* main.m */; };
		E36F60401FE754DB0076E566 /* HttpRequest.m in Sources */ = {isa = PBXBuildFile; fileRef = E36F603F1FE754DB0076E566 /* HttpRequest.m */; };
		E36F60431FE755200076E566 /* ZHFAddTitleAddressView.m in Sources */ = {isa = PBXBuildFile; fileRef = E36F60421FE755200076E566 /* ZHFAddTitleAddressView.m */; };
		E36F60461FE755430076E566 /* ProvinceModel.m in Sources */ = {isa = PBXBuildFile; fileRef = E36F60451FE755430076E566 /* ProvinceModel.m */; };
		E36F60491FE7555E0076E566 /* CityModel.m in Sources */ = {isa = PBXBuildFile; fileRef = E36F60481FE7555E0076E566 /* CityModel.m */; };
		E36F604C1FE755710076E566 /* CountyModel.m in Sources */ = {isa = PBXBuildFile; fileRef = E36F604B1FE755710076E566 /* CountyModel.m */; };
/* End PBXBuildFile section */

/* Begin PBXFileReference section */
		22ED47E34F08A4082A4B195B /* Pods-ZHFJDAddressOC.debug.xcconfig */ = {isa = PBXFileReference; includeInIndex = 1; lastKnownFileType = text.xcconfig; name = "Pods-ZHFJDAddressOC.debug.xcconfig"; path = "Pods/Target Support Files/Pods-ZHFJDAddressOC/Pods-ZHFJDAddressOC.debug.xcconfig"; sourceTree = "<group>"; };
		4682942D63AE8FEBED7D034E /* Pods_ZHFJDAddressOC.framework */ = {isa = PBXFileReference; explicitFileType = wrapper.framework; includeInIndex = 0; path = Pods_ZHFJDAddressOC.framework; sourceTree = BUILT_PRODUCTS_DIR; };
		A6AAD4A0313895F38EB77F86 /* Pods-ZHFJDAddressOC.release.xcconfig */ = {isa = PBXFileReference; includeInIndex = 1; lastKnownFileType = text.xcconfig; name = "Pods-ZHFJDAddressOC.release.xcconfig"; path = "Pods/Target Support Files/Pods-ZHFJDAddressOC/Pods-ZHFJDAddressOC.release.xcconfig"; sourceTree = "<group>"; };
		E3219DAE20B2C76200CB7A60 /* location.txt */ = {isa = PBXFileReference; fileEncoding = 4; lastKnownFileType = text; path = location.txt; sourceTree = "<group>"; };
		E3219DB020B2C77200CB7A60 /* TownModel.h */ = {isa = PBXFileReference; fileEncoding = 4; lastKnownFileType = sourcecode.c.h; path = TownModel.h; sourceTree = "<group>"; };
		E3219DB120B2C77200CB7A60 /* TownModel.m */ = {isa = PBXFileReference; fileEncoding = 4; lastKnownFileType = sourcecode.c.objc; path = TownModel.m; sourceTree = "<group>"; };
		E36F60211FE752F80076E566 /* ZHFJDAddressOC.app */ = {isa = PBXFileReference; explicitFileType = wrapper.application; includeInIndex = 0; path = ZHFJDAddressOC.app; sourceTree = BUILT_PRODUCTS_DIR; };
		E36F60241FE752F80076E566 /* AppDelegate.h */ = {isa = PBXFileReference; lastKnownFileType = sourcecode.c.h; path = AppDelegate.h; sourceTree = "<group>"; };
		E36F60251FE752F80076E566 /* AppDelegate.m */ = {isa = PBXFileReference; lastKnownFileType = sourcecode.c.objc; path = AppDelegate.m; sourceTree = "<group>"; };
		E36F60271FE752F80076E566 /* ViewController.h */ = {isa = PBXFileReference; lastKnownFileType = sourcecode.c.h; path = ViewController.h; sourceTree = "<group>"; };
		E36F60281FE752F80076E566 /* ViewController.m */ = {isa = PBXFileReference; lastKnownFileType = sourcecode.c.objc; path = ViewController.m; sourceTree = "<group>"; };
		E36F602B1FE752F80076E566 /* Base */ = {isa = PBXFileReference; lastKnownFileType = file.storyboard; name = Base; path = Base.lproj/Main.storyboard; sourceTree = "<group>"; };
		E36F602D1FE752F80076E566 /* Assets.xcassets */ = {isa = PBXFileReference; lastKnownFileType = folder.assetcatalog; path = Assets.xcassets; sourceTree = "<group>"; };
		E36F60301FE752F80076E566 /* Base */ = {isa = PBXFileReference; lastKnownFileType = file.storyboard; name = Base; path = Base.lproj/LaunchScreen.storyboard; sourceTree = "<group>"; };
		E36F60321FE752F80076E566 /* Info.plist */ = {isa = PBXFileReference; lastKnownFileType = text.plist.xml; path = Info.plist; sourceTree = "<group>"; };
		E36F60331FE752F80076E566 /* main.m */ = {isa = PBXFileReference; lastKnownFileType = sourcecode.c.objc; path = main.m; sourceTree = "<group>"; };
		E36F603E1FE754DB0076E566 /* HttpRequest.h */ = {isa = PBXFileReference; fileEncoding = 4; lastKnownFileType = sourcecode.c.h; path = HttpRequest.h; sourceTree = "<group>"; };
		E36F603F1FE754DB0076E566 /* HttpRequest.m */ = {isa = PBXFileReference; fileEncoding = 4; lastKnownFileType = sourcecode.c.objc; path = HttpRequest.m; sourceTree = "<group>"; };
		E36F60411FE755200076E566 /* ZHFAddTitleAddressView.h */ = {isa = PBXFileReference; lastKnownFileType = sourcecode.c.h; path = ZHFAddTitleAddressView.h; sourceTree = "<group>"; };
		E36F60421FE755200076E566 /* ZHFAddTitleAddressView.m */ = {isa = PBXFileReference; lastKnownFileType = sourcecode.c.objc; path = ZHFAddTitleAddressView.m; sourceTree = "<group>"; };
		E36F60441FE755430076E566 /* ProvinceModel.h */ = {isa = PBXFileReference; lastKnownFileType = sourcecode.c.h; path = ProvinceModel.h; sourceTree = "<group>"; };
		E36F60451FE755430076E566 /* ProvinceModel.m */ = {isa = PBXFileReference; lastKnownFileType = sourcecode.c.objc; path = ProvinceModel.m; sourceTree = "<group>"; };
		E36F60471FE7555E0076E566 /* CityModel.h */ = {isa = PBXFileReference; lastKnownFileType = sourcecode.c.h; path = CityModel.h; sourceTree = "<group>"; };
		E36F60481FE7555E0076E566 /* CityModel.m */ = {isa = PBXFileReference; lastKnownFileType = sourcecode.c.objc; path = CityModel.m; sourceTree = "<group>"; };
		E36F604A1FE755710076E566 /* CountyModel.h */ = {isa = PBXFileReference; lastKnownFileType = sourcecode.c.h; path = CountyModel.h; sourceTree = "<group>"; };
		E36F604B1FE755710076E566 /* CountyModel.m */ = {isa = PBXFileReference; lastKnownFileType = sourcecode.c.objc; path = CountyModel.m; sourceTree = "<group>"; };
/* End PBXFileReference section */

/* Begin PBXFrameworksBuildPhase section */
		E36F601E1FE752F80076E566 /* Frameworks */ = {
			isa = PBXFrameworksBuildPhase;
			buildActionMask = 2147483647;
			files = (
				53013126C8CE3001E477B8B1 /* Pods_ZHFJDAddressOC.framework in Frameworks */,
			);
			runOnlyForDeploymentPostprocessing = 0;
		};
/* End PBXFrameworksBuildPhase section */

/* Begin PBXGroup section */
		86B033B80BABB12683DF6989 /* Frameworks */ = {
			isa = PBXGroup;
			children = (
				4682942D63AE8FEBED7D034E /* Pods_ZHFJDAddressOC.framework */,
			);
			name = Frameworks;
			sourceTree = "<group>";
		};
		E36F60181FE752F80076E566 = {
			isa = PBXGroup;
			children = (
				E36F60231FE752F80076E566 /* ZHFJDAddressOC */,
				E36F60221FE752F80076E566 /* Products */,
				F9AEA5811DEE8F7A7081465A /* Pods */,
				86B033B80BABB12683DF6989 /* Frameworks */,
			);
			sourceTree = "<group>";
		};
		E36F60221FE752F80076E566 /* Products */ = {
			isa = PBXGroup;
			children = (
				E36F60211FE752F80076E566 /* ZHFJDAddressOC.app */,
			);
			name = Products;
			sourceTree = "<group>";
		};
		E36F60231FE752F80076E566 /* ZHFJDAddressOC */ = {
			isa = PBXGroup;
			children = (
				E36F603D1FE754DB0076E566 /* Address */,
				E36F60241FE752F80076E566 /* AppDelegate.h */,
				E36F60251FE752F80076E566 /* AppDelegate.m */,
				E36F60271FE752F80076E566 /* ViewController.h */,
				E36F60281FE752F80076E566 /* ViewController.m */,
				E36F602A1FE752F80076E566 /* Main.storyboard */,
				E36F602D1FE752F80076E566 /* Assets.xcassets */,
				E36F602F1FE752F80076E566 /* LaunchScreen.storyboard */,
				E36F60321FE752F80076E566 /* Info.plist */,
				E36F60331FE752F80076E566 /* main.m */,
			);
			path = ZHFJDAddressOC;
			sourceTree = "<group>";
		};
		E36F603D1FE754DB0076E566 /* Address */ = {
			isa = PBXGroup;
			children = (
				E3219DAE20B2C76200CB7A60 /* location.txt */,
				E36F603F1FE754DB0076E566 /* HttpRequest.m */,
				E36F603E1FE754DB0076E566 /* HttpRequest.h */,
				E36F60411FE755200076E566 /* ZHFAddTitleAddressView.h */,
				E36F60421FE755200076E566 /* ZHFAddTitleAddressView.m */,
				E36F60441FE755430076E566 /* ProvinceModel.h */,
				E36F60451FE755430076E566 /* ProvinceModel.m */,
				E36F60471FE7555E0076E566 /* CityModel.h */,
				E36F60481FE7555E0076E566 /* CityModel.m */,
				E36F604A1FE755710076E566 /* CountyModel.h */,
				E36F604B1FE755710076E566 /* CountyModel.m */,
				E3219DB020B2C77200CB7A60 /* TownModel.h */,
				E3219DB120B2C77200CB7A60 /* TownModel.m */,
			);
			path = Address;
			sourceTree = "<group>";
		};
		F9AEA5811DEE8F7A7081465A /* Pods */ = {
			isa = PBXGroup;
			children = (
				22ED47E34F08A4082A4B195B /* Pods-ZHFJDAddressOC.debug.xcconfig */,
				A6AAD4A0313895F38EB77F86 /* Pods-ZHFJDAddressOC.release.xcconfig */,
			);
			name = Pods;
			sourceTree = "<group>";
		};
/* End PBXGroup section */

/* Begin PBXNativeTarget section */
		E36F60201FE752F80076E566 /* ZHFJDAddressOC */ = {
			isa = PBXNativeTarget;
			buildConfigurationList = E36F60371FE752F80076E566 /* Build configuration list for PBXNativeTarget "ZHFJDAddressOC" */;
			buildPhases = (
				BD1567ABA59077728BAC820A /* [CP] Check Pods Manifest.lock */,
				E36F601D1FE752F80076E566 /* Sources */,
				E36F601E1FE752F80076E566 /* Frameworks */,
				E36F601F1FE752F80076E566 /* Resources */,
				26C5E62C39A494D4E2A49878 /* [CP] Embed Pods Frameworks */,
				498ED515278EE2EE189783A1 /* [CP] Copy Pods Resources */,
			);
			buildRules = (
			);
			dependencies = (
			);
			name = ZHFJDAddressOC;
			productName = ZHFJDAddressOC;
			productReference = E36F60211FE752F80076E566 /* ZHFJDAddressOC.app */;
			productType = "com.apple.product-type.application";
		};
/* End PBXNativeTarget section */

/* Begin PBXProject section */
		E36F60191FE752F80076E566 /* Project object */ = {
			isa = PBXProject;
			attributes = {
				LastUpgradeCheck = 0920;
				ORGANIZATIONNAME = "张海峰";
				TargetAttributes = {
					E36F60201FE752F80076E566 = {
						CreatedOnToolsVersion = 9.2;
						ProvisioningStyle = Automatic;
					};
				};
			};
			buildConfigurationList = E36F601C1FE752F80076E566 /* Build configuration list for PBXProject "ZHFJDAddressOC" */;
			compatibilityVersion = "Xcode 8.0";
			developmentRegion = en;
			hasScannedForEncodings = 0;
			knownRegions = (
				en,
				Base,
			);
			mainGroup = E36F60181FE752F80076E566;
			productRefGroup = E36F60221FE752F80076E566 /* Products */;
			projectDirPath = "";
			projectRoot = "";
			targets = (
				E36F60201FE752F80076E566 /* ZHFJDAddressOC */,
			);
		};
/* End PBXProject section */

/* Begin PBXResourcesBuildPhase section */
		E36F601F1FE752F80076E566 /* Resources */ = {
			isa = PBXResourcesBuildPhase;
			buildActionMask = 2147483647;
			files = (
				E36F60311FE752F80076E566 /* LaunchScreen.storyboard in Resources */,
				E36F602E1FE752F80076E566 /* Assets.xcassets in Resources */,
				E36F602C1FE752F80076E566 /* Main.storyboard in Resources */,
				E3219DAF20B2C76200CB7A60 /* location.txt in Resources */,
			);
			runOnlyForDeploymentPostprocessing = 0;
		};
/* End PBXResourcesBuildPhase section */

/* Begin PBXShellScriptBuildPhase section */
		26C5E62C39A494D4E2A49878 /* [CP] Embed Pods Frameworks */ = {
			isa = PBXShellScriptBuildPhase;
			buildActionMask = 2147483647;
			files = (
			);
			inputPaths = (
			);
			name = "[CP] Embed Pods Frameworks";
			outputPaths = (
			);
			runOnlyForDeploymentPostprocessing = 0;
			shellPath = /bin/sh;
			shellScript = "\"${SRCROOT}/Pods/Target Support Files/Pods-ZHFJDAddressOC/Pods-ZHFJDAddressOC-frameworks.sh\"\n";
			showEnvVarsInLog = 0;
		};
		498ED515278EE2EE189783A1 /* [CP] Copy Pods Resources */ = {
			isa = PBXShellScriptBuildPhase;
			buildActionMask = 2147483647;
			files = (
			);
			inputPaths = (
			);
			name = "[CP] Copy Pods Resources";
			outputPaths = (
			);
			runOnlyForDeploymentPostprocessing = 0;
			shellPath = /bin/sh;
			shellScript = "\"${SRCROOT}/Pods/Target Support Files/Pods-ZHFJDAddressOC/Pods-ZHFJDAddressOC-resources.sh\"\n";
			showEnvVarsInLog = 0;
		};
		BD1567ABA59077728BAC820A /* [CP] Check Pods Manifest.lock */ = {
			isa = PBXShellScriptBuildPhase;
			buildActionMask = 2147483647;
			files = (
			);
			inputPaths = (
			);
			name = "[CP] Check Pods Manifest.lock";
			outputPaths = (
			);
			runOnlyForDeploymentPostprocessing = 0;
			shellPath = /bin/sh;
			shellScript = "diff \"${PODS_ROOT}/../Podfile.lock\" \"${PODS_ROOT}/Manifest.lock\" > /dev/null\nif [ $? != 0 ] ; then\n    # print error to STDERR\n    echo \"error: The sandbox is not in sync with the Podfile.lock. Run 'pod install' or update your CocoaPods installation.\" >&2\n    exit 1\nfi\n";
			showEnvVarsInLog = 0;
		};
/* End PBXShellScriptBuildPhase section */

/* Begin PBXSourcesBuildPhase section */
		E36F601D1FE752F80076E566 /* Sources */ = {
			isa = PBXSourcesBuildPhase;
			buildActionMask = 2147483647;
			files = (
				E36F60431FE755200076E566 /* ZHFAddTitleAddressView.m in Sources */,
				E36F60291FE752F80076E566 /* ViewController.m in Sources */,
				E36F60341FE752F80076E566 /* main.m in Sources */,
				E36F604C1FE755710076E566 /* CountyModel.m in Sources */,
				E36F60461FE755430076E566 /* ProvinceModel.m in Sources */,
				E36F60491FE7555E0076E566 /* CityModel.m in Sources */,
				E3219DB220B2C77200CB7A60 /* TownModel.m in Sources */,
				E36F60401FE754DB0076E566 /* HttpRequest.m in Sources */,
				E36F60261FE752F80076E566 /* AppDelegate.m in Sources */,
			);
			runOnlyForDeploymentPostprocessing = 0;
		};
/* End PBXSourcesBuildPhase section */

/* Begin PBXVariantGroup section */
		E36F602A1FE752F80076E566 /* Main.storyboard */ = {
			isa = PBXVariantGroup;
			children = (
				E36F602B1FE752F80076E566 /* Base */,
			);
			name = Main.storyboard;
			sourceTree = "<group>";
		};
		E36F602F1FE752F80076E566 /* LaunchScreen.storyboard */ = {
			isa = PBXVariantGroup;
			children = (
				E36F60301FE752F80076E566 /* Base */,
			);
			name = LaunchScreen.storyboard;
			sourceTree = "<group>";
		};
/* End PBXVariantGroup section */

/* Begin XCBuildConfiguration section */
		E36F60351FE752F80076E566 /* Debug */ = {
			isa = XCBuildConfiguration;
			buildSettings = {
				ALWAYS_SEARCH_USER_PATHS = NO;
				CLANG_ANALYZER_NONNULL = YES;
				CLANG_ANALYZER_NUMBER_OBJECT_CONVERSION = YES_AGGRESSIVE;
				CLANG_CXX_LANGUAGE_STANDARD = "gnu++14";
				CLANG_CXX_LIBRARY = "libc++";
				CLANG_ENABLE_MODULES = YES;
				CLANG_ENABLE_OBJC_ARC = YES;
				CLANG_WARN_BLOCK_CAPTURE_AUTORELEASING = YES;
				CLANG_WARN_BOOL_CONVERSION = YES;
				CLANG_WARN_COMMA = YES;
				CLANG_WARN_CONSTANT_CONVERSION = YES;
				CLANG_WARN_DIRECT_OBJC_ISA_USAGE = YES_ERROR;
				CLANG_WARN_DOCUMENTATION_COMMENTS = YES;
				CLANG_WARN_EMPTY_BODY = YES;
				CLANG_WARN_ENUM_CONVERSION = YES;
				CLANG_WARN_INFINITE_RECURSION = YES;
				CLANG_WARN_INT_CONVERSION = YES;
				CLANG_WARN_NON_LITERAL_NULL_CONVERSION = YES;
				CLANG_WARN_OBJC_LITERAL_CONVERSION = YES;
				CLANG_WARN_OBJC_ROOT_CLASS = YES_ERROR;
				CLANG_WARN_RANGE_LOOP_ANALYSIS = YES;
				CLANG_WARN_STRICT_PROTOTYPES = YES;
				CLANG_WARN_SUSPICIOUS_MOVE = YES;
				CLANG_WARN_UNGUARDED_AVAILABILITY = YES_AGGRESSIVE;
				CLANG_WARN_UNREACHABLE_CODE = YES;
				CLANG_WARN__DUPLICATE_METHOD_MATCH = YES;
				CODE_SIGN_IDENTITY = "iPhone Developer";
				COPY_PHASE_STRIP = NO;
				DEBUG_INFORMATION_FORMAT = dwarf;
				ENABLE_STRICT_OBJC_MSGSEND = YES;
				ENABLE_TESTABILITY = YES;
				GCC_C_LANGUAGE_STANDARD = gnu11;
				GCC_DYNAMIC_NO_PIC = NO;
				GCC_NO_COMMON_BLOCKS = YES;
				GCC_OPTIMIZATION_LEVEL = 0;
				GCC_PREPROCESSOR_DEFINITIONS = (
					"DEBUG=1",
					"$(inherited)",
				);
				GCC_WARN_64_TO_32_BIT_CONVERSION = YES;
				GCC_WARN_ABOUT_RETURN_TYPE = YES_ERROR;
				GCC_WARN_UNDECLARED_SELECTOR = YES;
				GCC_WARN_UNINITIALIZED_AUTOS = YES_AGGRESSIVE;
				GCC_WARN_UNUSED_FUNCTION = YES;
				GCC_WARN_UNUSED_VARIABLE = YES;
				IPHONEOS_DEPLOYMENT_TARGET = 11.2;
				MTL_ENABLE_DEBUG_INFO = YES;
				ONLY_ACTIVE_ARCH = YES;
				SDKROOT = iphoneos;
			};
			name = Debug;
		};
		E36F60361FE752F80076E566 /* Release */ = {
			isa = XCBuildConfiguration;
			buildSettings = {
				ALWAYS_SEARCH_USER_PATHS = NO;
				CLANG_ANALYZER_NONNULL = YES;
				CLANG_ANALYZER_NUMBER_OBJECT_CONVERSION = YES_AGGRESSIVE;
				CLANG_CXX_LANGUAGE_STANDARD = "gnu++14";
				CLANG_CXX_LIBRARY = "libc++";
				CLANG_ENABLE_MODULES = YES;
				CLANG_ENABLE_OBJC_ARC = YES;
				CLANG_WARN_BLOCK_CAPTURE_AUTORELEASING = YES;
				CLANG_WARN_BOOL_CONVERSION = YES;
				CLANG_WARN_COMMA = YES;
				CLANG_WARN_CONSTANT_CONVERSION = YES;
				CLANG_WARN_DIRECT_OBJC_ISA_USAGE = YES_ERROR;
				CLANG_WARN_DOCUMENTATION_COMMENTS = YES;
				CLANG_WARN_EMPTY_BODY = YES;
				CLANG_WARN_ENUM_CONVERSION = YES;
				CLANG_WARN_INFINITE_RECURSION = YES;
				CLANG_WARN_INT_CONVERSION = YES;
				CLANG_WARN_NON_LITERAL_NULL_CONVERSION = YES;
				CLANG_WARN_OBJC_LITERAL_CONVERSION = YES;
				CLANG_WARN_OBJC_ROOT_CLASS = YES_ERROR;
				CLANG_WARN_RANGE_LOOP_ANALYSIS = YES;
				CLANG_WARN_STRICT_PROTOTYPES = YES;
				CLANG_WARN_SUSPICIOUS_MOVE = YES;
				CLANG_WARN_UNGUARDED_AVAILABILITY = YES_AGGRESSIVE;
				CLANG_WARN_UNREACHABLE_CODE = YES;
				CLANG_WARN__DUPLICATE_METHOD_MATCH = YES;
				CODE_SIGN_IDENTITY = "iPhone Developer";
				COPY_PHASE_STRIP = NO;
				DEBUG_INFORMATION_FORMAT = "dwarf-with-dsym";
				ENABLE_NS_ASSERTIONS = NO;
				ENABLE_STRICT_OBJC_MSGSEND = YES;
				GCC_C_LANGUAGE_STANDARD = gnu11;
				GCC_NO_COMMON_BLOCKS = YES;
				GCC_WARN_64_TO_32_BIT_CONVERSION = YES;
				GCC_WARN_ABOUT_RETURN_TYPE = YES_ERROR;
				GCC_WARN_UNDECLARED_SELECTOR = YES;
				GCC_WARN_UNINITIALIZED_AUTOS = YES_AGGRESSIVE;
				GCC_WARN_UNUSED_FUNCTION = YES;
				GCC_WARN_UNUSED_VARIABLE = YES;
				IPHONEOS_DEPLOYMENT_TARGET = 11.2;
				MTL_ENABLE_DEBUG_INFO = NO;
				SDKROOT = iphoneos;
				VALIDATE_PRODUCT = YES;
			};
			name = Release;
		};
		E36F60381FE752F80076E566 /* Debug */ = {
			isa = XCBuildConfiguration;
			baseConfigurationReference = 22ED47E34F08A4082A4B195B /* Pods-ZHFJDAddressOC.debug.xcconfig */;
			buildSettings = {
				ASSETCATALOG_COMPILER_APPICON_NAME = AppIcon;
				CODE_SIGN_STYLE = Automatic;
				DEVELOPMENT_TEAM = E2W28EC2KB;
				INFOPLIST_FILE = ZHFJDAddressOC/Info.plist;
				IPHONEOS_DEPLOYMENT_TARGET = 9.0;
				LD_RUNPATH_SEARCH_PATHS = "$(inherited) @executable_path/Frameworks";
				PRODUCT_BUNDLE_IDENTIFIER = Lighting.com.1;
				PRODUCT_NAME = "$(TARGET_NAME)";
				TARGETED_DEVICE_FAMILY = 1;
			};
			name = Debug;
		};
		E36F60391FE752F80076E566 /* Release */ = {
			isa = XCBuildConfiguration;
			baseConfigurationReference = A6AAD4A0313895F38EB77F86 /* Pods-ZHFJDAddressOC.release.xcconfig */;
			buildSettings = {
				ASSETCATALOG_COMPILER_APPICON_NAME = AppIcon;
				CODE_SIGN_STYLE = Automatic;
				DEVELOPMENT_TEAM = E2W28EC2KB;
				INFOPLIST_FILE = ZHFJDAddressOC/Info.plist;
				IPHONEOS_DEPLOYMENT_TARGET = 9.0;
				LD_RUNPATH_SEARCH_PATHS = "$(inherited) @executable_path/Frameworks";
				PRODUCT_BUNDLE_IDENTIFIER = Lighting.com.1;
				PRODUCT_NAME = "$(TARGET_NAME)";
				TARGETED_DEVICE_FAMILY = 1;
			};
			name = Release;
		};
/* End XCBuildConfiguration section */

/* Begin XCConfigurationList section */
		E36F601C1FE752F80076E566 /* Build configuration list for PBXProject "ZHFJDAddressOC" */ = {
			isa = XCConfigurationList;
			buildConfigurations = (
				E36F60351FE752F80076E566 /* Debug */,
				E36F60361FE752F80076E566 /* Release */,
			);
			defaultConfigurationIsVisible = 0;
			defaultConfigurationName = Release;
		};
		E36F60371FE752F80076E566 /* Build configuration list for PBXNativeTarget "ZHFJDAddressOC" */ = {
			isa = XCConfigurationList;
			buildConfigurations = (
				E36F60381FE752F80076E566 /* Debug */,
				E36F60391FE752F80076E566 /* Release */,
			);
			defaultConfigurationIsVisible = 0;
			defaultConfigurationName = Release;
		};
/* End XCConfigurationList section */
	};
	rootObject = E36F60191FE752F80076E566 /* Project object */;
}
